
Microsoft Visual Studio Solution File, Format Version 12.00
# Visual Studio 15
VisualStudioVersion = 15.0.27130.2020
MinimumVisualStudioVersion = 10.0.40219.1
Project("{FAE04EC0-301F-11D3-BF4B-00C04F79EFBC}") = "IteraTestTask", "IteraTestTask\IteraTestTask.csproj", "{CC70FBDF-0D6F-4850-8713-9275F73CF213}"
EndProject
Global
	GlobalSection(SolutionConfigurationPlatforms) = preSolution
		Debug|Any CPU = Debug|Any CPU
		Release|Any CPU = Release|Any CPU
	EndGlobalSection
	GlobalSection(ProjectConfigurationPlatforms) = postSolution
		{CC70FBDF-0D6F-4850-8713-9275F73CF213}.Debug|Any CPU.ActiveCfg = Debug|Any CPU
		{CC70FBDF-0D6F-4850-8713-9275F73CF213}.Debug|Any CPU.Build.0 = Debug|Any CPU
		{CC70FBDF-0D6F-4850-8713-9275F73CF213}.Release|Any CPU.ActiveCfg = Release|Any CPU
		{CC70FBDF-0D6F-4850-8713-9275F73CF213}.Release|Any CPU.Build.0 = Release|Any CPU
	EndGlobalSection
	GlobalSection(SolutionProperties) = preSolution
		HideSolutionNode = FALSE
	EndGlobalSection
	GlobalSection(ExtensibilityGlobals) = postSolution
		SolutionGuid = {41E0DE35-2720-426A-BAD5-F0CB7788D599}
	EndGlobalSection
EndGlobal
